#MicroXplorer Configuration settings - do not modify
#Thu Jan 29 01:19:12 GMT 2015
ADC1.Channel=ADC_CHANNEL_3
ADC1.Channel-16\#ChannelRegularConversion=ADC_CHANNEL_3
ADC1.Channel-17\#ChannelRegularConversion=ADC_CHANNEL_3
ADC1.ContinuousConvMode=ENABLE
ADC1.DMAContinuousRequests=ENABLE
ADC1.ExternalTrigConv=ADC_EXTERNALTRIGCONV_T5_CC1
ADC1.ExternalTrigConvEdge=ADC_EXTERNALTRIGCONVEDGE_RISING
ADC1.IPParameters=ExternalTrigConv,Channel-17\#ChannelRegularConversion,NbrOfConversion,ScanConvMode,Channel-16\#ChannelRegularConversion,Channel,DMAContinuousRequests,ExternalTrigConvEdge,master,ContinuousConvMode,Rank-17\#ChannelRegularConversion
ADC1.NbrOfConversion=2
ADC1.Rank-17\#ChannelRegularConversion=2
ADC1.ScanConvMode=ENABLE
ADC1.master=1
Dma.ADC1.1.Channel=DMA_CHANNEL_0
Dma.ADC1.1.Direction=DMA_PERIPH_TO_MEMORY
Dma.ADC1.1.FIFOMode=DMA_FIFOMODE_ENABLE
Dma.ADC1.1.FIFOThreshold=DMA_FIFO_THRESHOLD_HALFFULL
Dma.ADC1.1.Instance=DMA2_Stream0
Dma.ADC1.1.MemBurst=DMA_MBURST_SINGLE
Dma.ADC1.1.MemDataAlignment=DMA_MDATAALIGN_HALFWORD
Dma.ADC1.1.MemInc=DMA_MINC_ENABLE
Dma.ADC1.1.Mode=DMA_CIRCULAR
Dma.ADC1.1.PeriphBurst=DMA_PBURST_SINGLE
Dma.ADC1.1.PeriphDataAlignment=DMA_PDATAALIGN_HALFWORD
Dma.ADC1.1.PeriphInc=DMA_PINC_DISABLE
Dma.ADC1.1.Priority=DMA_PRIORITY_HIGH
Dma.ADC1.1.RequestParameters=Instance,Channel,Direction,PeriphInc,MemInc,PeriphDataAlignment,MemDataAlignment,Mode,Priority,FIFOMode,FIFOThreshold,MemBurst,PeriphBurst
Dma.Request0=UART8_TX
Dma.Request1=ADC1
Dma.RequestsNb=2
Dma.UART8_TX.0.Channel=DMA_CHANNEL_5
Dma.UART8_TX.0.Direction=DMA_MEMORY_TO_PERIPH
Dma.UART8_TX.0.FIFOMode=DMA_FIFOMODE_ENABLE
Dma.UART8_TX.0.FIFOThreshold=DMA_FIFO_THRESHOLD_HALFFULL
Dma.UART8_TX.0.Instance=DMA1_Stream0
Dma.UART8_TX.0.MemBurst=DMA_MBURST_SINGLE
Dma.UART8_TX.0.MemDataAlignment=DMA_MDATAALIGN_BYTE
Dma.UART8_TX.0.MemInc=DMA_MINC_ENABLE
Dma.UART8_TX.0.Mode=DMA_NORMAL
Dma.UART8_TX.0.PeriphBurst=DMA_PBURST_SINGLE
Dma.UART8_TX.0.PeriphDataAlignment=DMA_PDATAALIGN_BYTE
Dma.UART8_TX.0.PeriphInc=DMA_PINC_DISABLE
Dma.UART8_TX.0.Priority=DMA_PRIORITY_MEDIUM
Dma.UART8_TX.0.RequestParameters=Instance,Channel,Direction,PeriphInc,MemInc,PeriphDataAlignment,MemDataAlignment,Mode,Priority,FIFOMode,FIFOThreshold,MemBurst,PeriphBurst
File.Version=4
KeepUserPlacement=false
Mcu.Family=STM32F4
Mcu.IP0=ADC1
Mcu.IP1=DAC
Mcu.IP2=DMA
Mcu.IP3=NVIC
Mcu.IP4=RCC
Mcu.IP5=RNG
Mcu.IP6=SYS
Mcu.IP7=TIM5
Mcu.IP8=UART8
Mcu.IPNb=9
Mcu.Name=STM32F429Z(E-G-I)Tx
Mcu.Package=LQFP144
Mcu.Pin0=PH0/OSC_IN
Mcu.Pin1=PH1/OSC_OUT
Mcu.Pin10=PC4
Mcu.Pin11=PC5
Mcu.Pin12=PB11
Mcu.Pin13=PB12
Mcu.Pin14=PB13
Mcu.Pin15=PC8
Mcu.Pin16=PC9
Mcu.Pin17=PA9
Mcu.Pin18=PA11
Mcu.Pin19=PA12
Mcu.Pin2=PC1
Mcu.Pin20=PA13
Mcu.Pin21=PA14
Mcu.Pin22=PA15
Mcu.Pin23=PC12
Mcu.Pin24=PD2
Mcu.Pin25=PB3
Mcu.Pin26=PB4
Mcu.Pin27=PE0
Mcu.Pin28=PE1
Mcu.Pin29=VP_RNG_VS_RNG
Mcu.Pin3=PA1
Mcu.Pin30=VP_TIM5_VS_ClockSourceITR
Mcu.Pin4=PA2
Mcu.Pin5=PA3
Mcu.Pin6=PA4
Mcu.Pin7=PA5
Mcu.Pin8=PA6
Mcu.Pin9=PA7
Mcu.PinsNb=31
Mcu.UserName=STM32F429ZITx
MxCube.Version=4.5.0
NVIC.DMA1_Stream0_IRQn=true\:0\:0\:false
NVIC.PriorityGroup=NVIC_PRIORITYGROUP_4
NVIC.SysTick_IRQn=true\:0\:0\:false
PA1.Locked=true
PA1.Signal=ETH_REF_CLK
PA11.Locked=true
PA11.Signal=USB_OTG_FS_DM
PA12.Locked=true
PA12.Signal=USB_OTG_FS_DP
PA13.Locked=true
PA13.Mode=JTAG(5-pin)
PA13.Signal=SYS_JTMS-SWDIO
PA14.Locked=true
PA14.Mode=JTAG(5-pin)
PA14.Signal=SYS_JTCK-SWCLK
PA15.Locked=true
PA15.Mode=JTAG(5-pin)
PA15.Signal=SYS_JTDI
PA2.Locked=true
PA2.Signal=ETH_MDIO
PA3.Locked=true
PA3.Signal=ADCx_IN3
PA4.Locked=true
PA4.Signal=COMP_DAC1_group
PA5.Locked=true
PA5.Signal=COMP_DAC2_group
PA6.Locked=true
PA6.Signal=ADCx_IN6
PA7.Locked=true
PA7.Signal=ETH_CRS_DV
PA9.Locked=true
PA9.Signal=USB_OTG_FS_VBUS
PB11.Locked=true
PB11.Signal=ETH_TX_EN
PB12.Locked=true
PB12.Signal=ETH_TXD0
PB13.Locked=true
PB13.Signal=ETH_TXD1
PB3.Locked=true
PB3.Mode=JTAG(5-pin)
PB3.Signal=SYS_JTDO-SWO
PB4.Locked=true
PB4.Mode=JTAG(5-pin)
PB4.Signal=SYS_JTRST
PC1.Locked=true
PC1.Signal=ETH_MDC
PC12.Locked=true
PC12.Signal=SDIO_CK
PC4.Locked=true
PC4.Signal=ETH_RXD0
PC5.Locked=true
PC5.Signal=ETH_RXD1
PC8.Locked=true
PC8.Signal=SDIO_D0
PC9.GPIOParameters=GPIO_Speed,GPIO_PuPd,GPIO_Mode
PC9.GPIO_Mode=GPIO_MODE_AF_PP
PC9.GPIO_PuPd=GPIO_NOPULL
PC9.GPIO_Speed=GPIO_SPEED_HIGH
PC9.Locked=true
PC9.Mode=Clock-out-2
PC9.Signal=RCC_MCO_2
PCC.Family=STM32F4
PCC.MCU=STM32F429Z(E-G-I)Tx
PCC.MXVersion=4.5.0
PCC.PartNumber=STM32F429ZITx
PCC.Seq0=0
PCC.SubFamily=STM32F429/439
PCC.Temperature=25
PCC.Vdd=null
PD2.Locked=true
PD2.Signal=SDIO_CMD
PE0.Locked=true
PE0.Mode=Asynchronous
PE0.Signal=UART8_RX
PE1.Locked=true
PE1.Mode=Asynchronous
PE1.Signal=UART8_TX
PH0/OSC_IN.Locked=true
PH0/OSC_IN.Mode=HSE-External-Oscillator
PH0/OSC_IN.Signal=RCC_OSC_IN
PH1/OSC_OUT.Locked=true
PH1/OSC_OUT.Mode=HSE-External-Oscillator
PH1/OSC_OUT.Signal=RCC_OSC_OUT
ProjectManager.AskForMigrate=true
ProjectManager.BackupPrevious=false
ProjectManager.CompilerOptimize=2
ProjectManager.ComputerToolchain=false
ProjectManager.CoupleFile=false
ProjectManager.DeletePrevious=true
ProjectManager.DeviceId=STM32F429ZITx
ProjectManager.FirmwarePackage=STM32Cube FW_F4 V1.3.0
ProjectManager.FreePins=false
ProjectManager.HalAssertFull=false
ProjectManager.KeepUserCode=true
ProjectManager.LastFirmware=true
ProjectManager.LibraryCopy=0
ProjectManager.ProjectBuild=false
ProjectManager.ProjectFileName=Toolbox.ioc
ProjectManager.ProjectName=Toolbox
ProjectManager.TargetToolchain=TrueSTUDIO 4.3.1
RCC.48MHZClocksFreq_Value=45000000
RCC.AHBFreq_Value=180000000
RCC.APB1CLKDivider=RCC_HCLK_DIV4
RCC.APB1Freq_Value=45000000
RCC.APB1TimFreq_Value=90000000
RCC.APB2CLKDivider=RCC_HCLK_DIV2
RCC.APB2Freq_Value=90000000
RCC.APB2TimFreq_Value=180000000
RCC.CortexFreq_Value=22500000
RCC.EthernetFreq_Value=180000000
RCC.FCLKCortexFreq_Value=180000000
RCC.FamilyName=M
RCC.HCLKFreq_Value=180000000
RCC.HSE_VALUE=12000000
RCC.HSI_VALUE=16000000
RCC.I2SClocksFreq_Value=200000000
RCC.IPParameters=HCLKFreq_Value,SYSCLKFreq_VALUE,I2SClocksFreq_Value,FamilyName,PLLCLKFreq_Value,RTCHSEDivFreq_Value,APB2CLKDivider,LSE_VALUE,RTCFreq_Value,SAI_AClocksFreq_Value,SYSCLKSource,MCO2PinFreq_Value,CortexFreq_Value,FCLKCortexFreq_Value,APB1CLKDivider,PLLI2SN,PLLSourceVirtual,VCOSAIOutputFreq_ValueR,APB2Freq_Value,VCOI2SOutputFreq_Value,PLLN,VcooutputI2SQ,SAI_BClocksFreq_Value,RCC_MCODiv2,APB2TimFreq_Value,HSE_VALUE,VCOSAIOutputFreq_ValueQ,RCC_MCO2Source,PLLM,HSI_VALUE,LCDTFTFreq_Value,PLLQ,VcooutputI2S,APB1Freq_Value,APB1TimFreq_Value,48MHZClocksFreq_Value,LSI_VALUE,AHBFreq_Value,VCOInputFreq_Value,VCOOutputFreq_Value,EthernetFreq_Value,VCOSAIOutputFreq_Value
RCC.LCDTFTFreq_Value=12250000
RCC.LSE_VALUE=32768
RCC.LSI_VALUE=32000
RCC.MCO2PinFreq_Value=50000000
RCC.PLLCLKFreq_Value=180000000
RCC.PLLI2SN=400
RCC.PLLM=12
RCC.PLLN=360
RCC.PLLQ=8
RCC.PLLSourceVirtual=RCC_PLLSOURCE_HSE
RCC.RCC_MCO2Source=RCC_MCO2SOURCE_PLLI2SCLK
RCC.RCC_MCODiv2=RCC_MCODIV_4
RCC.RTCFreq_Value=32000
RCC.RTCHSEDivFreq_Value=6000000
RCC.SAI_AClocksFreq_Value=12250000
RCC.SAI_BClocksFreq_Value=12250000
RCC.SYSCLKFreq_VALUE=180000000
RCC.SYSCLKSource=RCC_SYSCLKSOURCE_PLLCLK
RCC.VCOI2SOutputFreq_Value=400000000
RCC.VCOInputFreq_Value=1000000
RCC.VCOOutputFreq_Value=360000000
RCC.VCOSAIOutputFreq_Value=49000000
RCC.VCOSAIOutputFreq_ValueQ=12250000
RCC.VCOSAIOutputFreq_ValueR=24500000
RCC.VcooutputI2S=200000000
RCC.VcooutputI2SQ=200000000
SH.ADCx_IN3.0=ADC1_IN3,IN3
SH.ADCx_IN3.ConfNb=1
SH.ADCx_IN6.0=ADC1_IN6,IN6
SH.ADCx_IN6.ConfNb=1
SH.COMP_DAC1_group.0=DAC_OUT1,DAC_OUT1
SH.COMP_DAC1_group.ConfNb=1
SH.COMP_DAC2_group.0=DAC_OUT2,DAC_OUT2
SH.COMP_DAC2_group.ConfNb=1
TIM5.IPParameters=TIM_MasterSlaveMode,Period,TIM_MasterOutputTrigger
TIM5.Period=180000000
TIM5.TIM_MasterOutputTrigger=TIM_TRGO_OC1REF
TIM5.TIM_MasterSlaveMode=TIM_MASTERSLAVEMODE_DISABLE
UART8.BaudRate=2000000
UART8.IPParameters=BaudRate
VP_RNG_VS_RNG.Mode=RNG_Activate
VP_RNG_VS_RNG.Signal=RNG_VS_RNG
VP_TIM5_VS_ClockSourceITR.Mode=TriggerSource_ITR0
VP_TIM5_VS_ClockSourceITR.Signal=TIM5_VS_ClockSourceITR
